// !$*UTF8*$!
{
	archiveVersion = 1;
	classes = {
	};
	objectVersion = 46;
	objects = {

/* Begin PBXBuildFile section */
		B74468F014D0596200154F9E /* PlaceAnnotation.m in Sources */ = {isa = PBXBuildFile; fileRef = B74468EF14D0596100154F9E /* PlaceAnnotation.m */; };
		B74468F414D059C600154F9E /* PhotoAnnotation.m in Sources */ = {isa = PBXBuildFile; fileRef = B74468F314D059C200154F9E /* PhotoAnnotation.m */; };
		B77E69DE14BDCA2600199D1C /* RecentPhotoTableViewController.m in Sources */ = {isa = PBXBuildFile; fileRef = B77E69DD14BDCA2500199D1C /* RecentPhotoTableViewController.m */; };
		B7B0362F14B9CB0C004EA3DE /* UIKit.framework in Frameworks */ = {isa = PBXBuildFile; fileRef = B7B0362E14B9CB0C004EA3DE /* UIKit.framework */; };
		B7B0363114B9CB0C004EA3DE /* Foundation.framework in Frameworks */ = {isa = PBXBuildFile; fileRef = B7B0363014B9CB0C004EA3DE /* Foundation.framework */; };
		B7B0363314B9CB0C004EA3DE /* CoreGraphics.framework in Frameworks */ = {isa = PBXBuildFile; fileRef = B7B0363214B9CB0C004EA3DE /* CoreGraphics.framework */; };
		B7B0363914B9CB0C004EA3DE /* InfoPlist.strings in Resources */ = {isa = PBXBuildFile; fileRef = B7B0363714B9CB0C004EA3DE /* InfoPlist.strings */; };
		B7B0363B14B9CB0C004EA3DE /* main.m in Sources */ = {isa = PBXBuildFile; fileRef = B7B0363A14B9CB0C004EA3DE /* main.m */; };
		B7B0363F14B9CB0C004EA3DE /* AppDelegate.m in Sources */ = {isa = PBXBuildFile; fileRef = B7B0363E14B9CB0C004EA3DE /* AppDelegate.m */; };
		B7B0364214B9CB0C004EA3DE /* MainStoryboard.storyboard in Resources */ = {isa = PBXBuildFile; fileRef = B7B0364014B9CB0C004EA3DE /* MainStoryboard.storyboard */; };
		B7B0364E14B9CC08004EA3DE /* PlaceListViewController.m in Sources */ = {isa = PBXBuildFile; fileRef = B7B0364D14B9CC08004EA3DE /* PlaceListViewController.m */; };
		B7B0365814B9EE32004EA3DE /* PhotoTableViewController.m in Sources */ = {isa = PBXBuildFile; fileRef = B7B0365714B9EE32004EA3DE /* PhotoTableViewController.m */; };
		B7B0366314BA08F6004EA3DE /* FlickrFetcher.m in Sources */ = {isa = PBXBuildFile; fileRef = B7B0366214BA08F6004EA3DE /* FlickrFetcher.m */; };
		B7B0366614BA1558004EA3DE /* ImageViewController.m in Sources */ = {isa = PBXBuildFile; fileRef = B7B0366514BA1557004EA3DE /* ImageViewController.m */; };
		B7D0D7D414BEE3B500DF8B4C /* LocationPhotoTableViewController.m in Sources */ = {isa = PBXBuildFile; fileRef = B7D0D7D314BEE3B500DF8B4C /* LocationPhotoTableViewController.m */; };
		B7D0D7E814BF555600DF8B4C /* MapViewController.m in Sources */ = {isa = PBXBuildFile; fileRef = B7D0D7E714BF555300DF8B4C /* MapViewController.m */; };
		B7D0D7EB14BF590600DF8B4C /* MapKit.framework in Frameworks */ = {isa = PBXBuildFile; fileRef = B7D0D7EA14BF590600DF8B4C /* MapKit.framework */; };
		B7D0D7ED14BF590D00DF8B4C /* CoreLocation.framework in Frameworks */ = {isa = PBXBuildFile; fileRef = B7D0D7EC14BF590D00DF8B4C /* CoreLocation.framework */; };
		B7D45C1414C6D02E007AB41C /* NSWritableCache.m in Sources */ = {isa = PBXBuildFile; fileRef = B7D45C1314C6D02E007AB41C /* NSWritableCache.m */; };
		B7D45C3B14C71800007AB41C /* UIKit.framework in Frameworks */ = {isa = PBXBuildFile; fileRef = B7B0362E14B9CB0C004EA3DE /* UIKit.framework */; };
		B7D45C3C14C71800007AB41C /* Foundation.framework in Frameworks */ = {isa = PBXBuildFile; fileRef = B7B0363014B9CB0C004EA3DE /* Foundation.framework */; };
		B7D45C3D14C71800007AB41C /* CoreGraphics.framework in Frameworks */ = {isa = PBXBuildFile; fileRef = B7B0363214B9CB0C004EA3DE /* CoreGraphics.framework */; };
		B7D45C4314C71801007AB41C /* InfoPlist.strings in Resources */ = {isa = PBXBuildFile; fileRef = B7D45C4114C71801007AB41C /* InfoPlist.strings */; };
		B7D45C4614C71801007AB41C /* LogicTests.m in Sources */ = {isa = PBXBuildFile; fileRef = B7D45C4514C71801007AB41C /* LogicTests.m */; };
		B7D45C4F14C71AE0007AB41C /* SenTestingKit.framework in Frameworks */ = {isa = PBXBuildFile; fileRef = B7D45C4E14C71AE0007AB41C /* SenTestingKit.framework */; };
		B7D45C5114C71F19007AB41C /* NSWritableCache.m in Sources */ = {isa = PBXBuildFile; fileRef = B7D45C1314C6D02E007AB41C /* NSWritableCache.m */; };
/* End PBXBuildFile section */

/* Begin PBXFileReference section */
		B74468EE14D0596000154F9E /* PlaceAnnotation.h */ = {isa = PBXFileReference; fileEncoding = 4; lastKnownFileType = sourcecode.c.h; path = PlaceAnnotation.h; sourceTree = "<group>"; };
		B74468EF14D0596100154F9E /* PlaceAnnotation.m */ = {isa = PBXFileReference; fileEncoding = 4; lastKnownFileType = sourcecode.c.objc; path = PlaceAnnotation.m; sourceTree = "<group>"; };
		B74468F214D059C200154F9E /* PhotoAnnotation.h */ = {isa = PBXFileReference; fileEncoding = 4; lastKnownFileType = sourcecode.c.h; path = PhotoAnnotation.h; sourceTree = "<group>"; };
		B74468F314D059C200154F9E /* PhotoAnnotation.m */ = {isa = PBXFileReference; fileEncoding = 4; lastKnownFileType = sourcecode.c.objc; path = PhotoAnnotation.m; sourceTree = "<group>"; };
		B77E69DC14BDCA2500199D1C /* RecentPhotoTableViewController.h */ = {isa = PBXFileReference; fileEncoding = 4; lastKnownFileType = sourcecode.c.h; path = RecentPhotoTableViewController.h; sourceTree = "<group>"; };
		B77E69DD14BDCA2500199D1C /* RecentPhotoTableViewController.m */ = {isa = PBXFileReference; fileEncoding = 4; lastKnownFileType = sourcecode.c.objc; path = RecentPhotoTableViewController.m; sourceTree = "<group>"; };
		B7B0362A14B9CB0C004EA3DE /* Fast Map Places.app */ = {isa = PBXFileReference; explicitFileType = wrapper.application; includeInIndex = 0; path = "Fast Map Places.app"; sourceTree = BUILT_PRODUCTS_DIR; };
		B7B0362E14B9CB0C004EA3DE /* UIKit.framework */ = {isa = PBXFileReference; lastKnownFileType = wrapper.framework; name = UIKit.framework; path = System/Library/Frameworks/UIKit.framework; sourceTree = SDKROOT; };
		B7B0363014B9CB0C004EA3DE /* Foundation.framework */ = {isa = PBXFileReference; lastKnownFileType = wrapper.framework; name = Foundation.framework; path = System/Library/Frameworks/Foundation.framework; sourceTree = SDKROOT; };
		B7B0363214B9CB0C004EA3DE /* CoreGraphics.framework */ = {isa = PBXFileReference; lastKnownFileType = wrapper.framework; name = CoreGraphics.framework; path = System/Library/Frameworks/CoreGraphics.framework; sourceTree = SDKROOT; };
		B7B0363614B9CB0C004EA3DE /* Fast Map Places-Info.plist */ = {isa = PBXFileReference; lastKnownFileType = text.plist.xml; path = "Fast Map Places-Info.plist"; sourceTree = "<group>"; };
		B7B0363814B9CB0C004EA3DE /* en */ = {isa = PBXFileReference; lastKnownFileType = text.plist.strings; name = en; path = en.lproj/InfoPlist.strings; sourceTree = "<group>"; };
		B7B0363A14B9CB0C004EA3DE /* main.m */ = {isa = PBXFileReference; lastKnownFileType = sourcecode.c.objc; path = main.m; sourceTree = "<group>"; };
		B7B0363C14B9CB0C004EA3DE /* Fast Map Places-Prefix.pch */ = {isa = PBXFileReference; lastKnownFileType = sourcecode.c.h; path = "Fast Map Places-Prefix.pch"; sourceTree = "<group>"; };
		B7B0363D14B9CB0C004EA3DE /* AppDelegate.h */ = {isa = PBXFileReference; lastKnownFileType = sourcecode.c.h; path = AppDelegate.h; sourceTree = "<group>"; };
		B7B0363E14B9CB0C004EA3DE /* AppDelegate.m */ = {isa = PBXFileReference; lastKnownFileType = sourcecode.c.objc; path = AppDelegate.m; sourceTree = "<group>"; };
		B7B0364114B9CB0C004EA3DE /* en */ = {isa = PBXFileReference; lastKnownFileType = file.storyboard; name = en; path = en.lproj/MainStoryboard.storyboard; sourceTree = "<group>"; };
		B7B0364C14B9CC08004EA3DE /* PlaceListViewController.h */ = {isa = PBXFileReference; fileEncoding = 4; lastKnownFileType = sourcecode.c.h; path = PlaceListViewController.h; sourceTree = "<group>"; };
		B7B0364D14B9CC08004EA3DE /* PlaceListViewController.m */ = {isa = PBXFileReference; fileEncoding = 4; lastKnownFileType = sourcecode.c.objc; path = PlaceListViewController.m; sourceTree = "<group>"; };
		B7B0365614B9EE31004EA3DE /* PhotoTableViewController.h */ = {isa = PBXFileReference; fileEncoding = 4; lastKnownFileType = sourcecode.c.h; path = PhotoTableViewController.h; sourceTree = "<group>"; };
		B7B0365714B9EE32004EA3DE /* PhotoTableViewController.m */ = {isa = PBXFileReference; fileEncoding = 4; lastKnownFileType = sourcecode.c.objc; path = PhotoTableViewController.m; sourceTree = "<group>"; };
		B7B0366014BA08F5004EA3DE /* FlickrAPIKey.h */ = {isa = PBXFileReference; fileEncoding = 4; lastKnownFileType = sourcecode.c.h; path = FlickrAPIKey.h; sourceTree = "<group>"; };
		B7B0366114BA08F5004EA3DE /* FlickrFetcher.h */ = {isa = PBXFileReference; fileEncoding = 4; lastKnownFileType = sourcecode.c.h; path = FlickrFetcher.h; sourceTree = "<group>"; };
		B7B0366214BA08F6004EA3DE /* FlickrFetcher.m */ = {isa = PBXFileReference; fileEncoding = 4; lastKnownFileType = sourcecode.c.objc; path = FlickrFetcher.m; sourceTree = "<group>"; };
		B7B0366414BA1556004EA3DE /* ImageViewController.h */ = {isa = PBXFileReference; fileEncoding = 4; lastKnownFileType = sourcecode.c.h; path = ImageViewController.h; sourceTree = "<group>"; };
		B7B0366514BA1557004EA3DE /* ImageViewController.m */ = {isa = PBXFileReference; fileEncoding = 4; lastKnownFileType = sourcecode.c.objc; path = ImageViewController.m; sourceTree = "<group>"; };
		B7D0D7D214BEE3B500DF8B4C /* LocationPhotoTableViewController.h */ = {isa = PBXFileReference; fileEncoding = 4; lastKnownFileType = sourcecode.c.h; path = LocationPhotoTableViewController.h; sourceTree = "<group>"; };
		B7D0D7D314BEE3B500DF8B4C /* LocationPhotoTableViewController.m */ = {isa = PBXFileReference; fileEncoding = 4; lastKnownFileType = sourcecode.c.objc; path = LocationPhotoTableViewController.m; sourceTree = "<group>"; };
		B7D0D7E614BF555100DF8B4C /* MapViewController.h */ = {isa = PBXFileReference; fileEncoding = 4; lastKnownFileType = sourcecode.c.h; path = MapViewController.h; sourceTree = "<group>"; };
		B7D0D7E714BF555300DF8B4C /* MapViewController.m */ = {isa = PBXFileReference; fileEncoding = 4; lastKnownFileType = sourcecode.c.objc; path = MapViewController.m; sourceTree = "<group>"; };
		B7D0D7EA14BF590600DF8B4C /* MapKit.framework */ = {isa = PBXFileReference; lastKnownFileType = wrapper.framework; name = MapKit.framework; path = System/Library/Frameworks/MapKit.framework; sourceTree = SDKROOT; };
		B7D0D7EC14BF590D00DF8B4C /* CoreLocation.framework */ = {isa = PBXFileReference; lastKnownFileType = wrapper.framework; name = CoreLocation.framework; path = System/Library/Frameworks/CoreLocation.framework; sourceTree = SDKROOT; };
		B7D45C1214C6D02E007AB41C /* NSWritableCache.h */ = {isa = PBXFileReference; fileEncoding = 4; lastKnownFileType = sourcecode.c.h; path = NSWritableCache.h; sourceTree = "<group>"; };
		B7D45C1314C6D02E007AB41C /* NSWritableCache.m */ = {isa = PBXFileReference; fileEncoding = 4; lastKnownFileType = sourcecode.c.objc; path = NSWritableCache.m; sourceTree = "<group>"; };
		B7D45C3914C71800007AB41C /* LogicTests.octest */ = {isa = PBXFileReference; explicitFileType = wrapper.cfbundle; includeInIndex = 0; path = LogicTests.octest; sourceTree = BUILT_PRODUCTS_DIR; };
		B7D45C4014C71801007AB41C /* LogicTests-Info.plist */ = {isa = PBXFileReference; lastKnownFileType = text.plist.xml; path = "LogicTests-Info.plist"; sourceTree = "<group>"; };
		B7D45C4214C71801007AB41C /* en */ = {isa = PBXFileReference; lastKnownFileType = text.plist.strings; name = en; path = en.lproj/InfoPlist.strings; sourceTree = "<group>"; };
		B7D45C4414C71801007AB41C /* LogicTests.h */ = {isa = PBXFileReference; lastKnownFileType = sourcecode.c.h; path = LogicTests.h; sourceTree = "<group>"; };
		B7D45C4514C71801007AB41C /* LogicTests.m */ = {isa = PBXFileReference; lastKnownFileType = sourcecode.c.objc; path = LogicTests.m; sourceTree = "<group>"; };
		B7D45C4E14C71AE0007AB41C /* SenTestingKit.framework */ = {isa = PBXFileReference; lastKnownFileType = wrapper.framework; name = SenTestingKit.framework; path = Library/Frameworks/SenTestingKit.framework; sourceTree = DEVELOPER_DIR; };
		B7D45C5014C71DE4007AB41C /* LogicTests-prefix.pch */ = {isa = PBXFileReference; fileEncoding = 4; lastKnownFileType = sourcecode.c.h; path = "LogicTests-prefix.pch"; sourceTree = "<group>"; };
		B7D45C5314CC286C007AB41C /* TODO */ = {isa = PBXFileReference; lastKnownFileType = text; path = TODO; sourceTree = "<group>"; };
/* End PBXFileReference section */

/* Begin PBXFrameworksBuildPhase section */
		B7B0362714B9CB0C004EA3DE /* Frameworks */ = {
			isa = PBXFrameworksBuildPhase;
			buildActionMask = 2147483647;
			files = (
				B7D0D7ED14BF590D00DF8B4C /* CoreLocation.framework in Frameworks */,
				B7D0D7EB14BF590600DF8B4C /* MapKit.framework in Frameworks */,
				B7B0362F14B9CB0C004EA3DE /* UIKit.framework in Frameworks */,
				B7B0363114B9CB0C004EA3DE /* Foundation.framework in Frameworks */,
				B7B0363314B9CB0C004EA3DE /* CoreGraphics.framework in Frameworks */,
			);
			runOnlyForDeploymentPostprocessing = 0;
		};
		B7D45C3514C71800007AB41C /* Frameworks */ = {
			isa = PBXFrameworksBuildPhase;
			buildActionMask = 2147483647;
			files = (
				B7D45C4F14C71AE0007AB41C /* SenTestingKit.framework in Frameworks */,
				B7D45C3B14C71800007AB41C /* UIKit.framework in Frameworks */,
				B7D45C3C14C71800007AB41C /* Foundation.framework in Frameworks */,
				B7D45C3D14C71800007AB41C /* CoreGraphics.framework in Frameworks */,
			);
			runOnlyForDeploymentPostprocessing = 0;
		};
/* End PBXFrameworksBuildPhase section */

/* Begin PBXGroup section */
		B7B0361F14B9CB0C004EA3DE = {
			isa = PBXGroup;
			children = (
				B7D45C5314CC286C007AB41C /* TODO */,
				B7B0363414B9CB0C004EA3DE /* Top Places */,
				B7D45C3E14C71800007AB41C /* LogicTests */,
				B7B0362D14B9CB0C004EA3DE /* Frameworks */,
				B7B0362B14B9CB0C004EA3DE /* Products */,
			);
			sourceTree = "<group>";
		};
		B7B0362B14B9CB0C004EA3DE /* Products */ = {
			isa = PBXGroup;
			children = (
				B7B0362A14B9CB0C004EA3DE /* Fast Map Places.app */,
				B7D45C3914C71800007AB41C /* LogicTests.octest */,
			);
			name = Products;
			sourceTree = "<group>";
		};
		B7B0362D14B9CB0C004EA3DE /* Frameworks */ = {
			isa = PBXGroup;
			children = (
				B7D45C4E14C71AE0007AB41C /* SenTestingKit.framework */,
				B7D0D7EC14BF590D00DF8B4C /* CoreLocation.framework */,
				B7D0D7EA14BF590600DF8B4C /* MapKit.framework */,
				B7B0362E14B9CB0C004EA3DE /* UIKit.framework */,
				B7B0363014B9CB0C004EA3DE /* Foundation.framework */,
				B7B0363214B9CB0C004EA3DE /* CoreGraphics.framework */,
			);
			name = Frameworks;
			sourceTree = "<group>";
		};
		B7B0363414B9CB0C004EA3DE /* Top Places */ = {
			isa = PBXGroup;
			children = (
				B7B0364014B9CB0C004EA3DE /* MainStoryboard.storyboard */,
				B7B0366014BA08F5004EA3DE /* FlickrAPIKey.h */,
				B7B0366114BA08F5004EA3DE /* FlickrFetcher.h */,
				B7B0366214BA08F6004EA3DE /* FlickrFetcher.m */,
				B7B0363D14B9CB0C004EA3DE /* AppDelegate.h */,
				B7B0363E14B9CB0C004EA3DE /* AppDelegate.m */,
				B74468EE14D0596000154F9E /* PlaceAnnotation.h */,
				B74468EF14D0596100154F9E /* PlaceAnnotation.m */,
				B74468F214D059C200154F9E /* PhotoAnnotation.h */,
				B74468F314D059C200154F9E /* PhotoAnnotation.m */,
				B7D0D7E614BF555100DF8B4C /* MapViewController.h */,
				B7D0D7E714BF555300DF8B4C /* MapViewController.m */,
				B7B0364C14B9CC08004EA3DE /* PlaceListViewController.h */,
				B7B0364D14B9CC08004EA3DE /* PlaceListViewController.m */,
				B7B0365614B9EE31004EA3DE /* PhotoTableViewController.h */,
				B7B0365714B9EE32004EA3DE /* PhotoTableViewController.m */,
				B7D0D7D214BEE3B500DF8B4C /* LocationPhotoTableViewController.h */,
				B7D0D7D314BEE3B500DF8B4C /* LocationPhotoTableViewController.m */,
				B77E69DC14BDCA2500199D1C /* RecentPhotoTableViewController.h */,
				B77E69DD14BDCA2500199D1C /* RecentPhotoTableViewController.m */,
				B7B0366414BA1556004EA3DE /* ImageViewController.h */,
				B7B0366514BA1557004EA3DE /* ImageViewController.m */,
				B7D45C1214C6D02E007AB41C /* NSWritableCache.h */,
				B7D45C1314C6D02E007AB41C /* NSWritableCache.m */,
				B7B0363514B9CB0C004EA3DE /* Supporting Files */,
			);
			path = "Top Places";
			sourceTree = "<group>";
		};
		B7B0363514B9CB0C004EA3DE /* Supporting Files */ = {
			isa = PBXGroup;
			children = (
				B7B0363614B9CB0C004EA3DE /* Fast Map Places-Info.plist */,
				B7B0363714B9CB0C004EA3DE /* InfoPlist.strings */,
				B7B0363A14B9CB0C004EA3DE /* main.m */,
				B7B0363C14B9CB0C004EA3DE /* Fast Map Places-Prefix.pch */,
			);
			name = "Supporting Files";
			sourceTree = "<group>";
		};
		B7D45C3E14C71800007AB41C /* LogicTests */ = {
			isa = PBXGroup;
			children = (
				B7D45C4414C71801007AB41C /* LogicTests.h */,
				B7D45C4514C71801007AB41C /* LogicTests.m */,
				B7D45C3F14C71801007AB41C /* Supporting Files */,
			);
			path = LogicTests;
			sourceTree = "<group>";
		};
		B7D45C3F14C71801007AB41C /* Supporting Files */ = {
			isa = PBXGroup;
			children = (
				B7D45C4014C71801007AB41C /* LogicTests-Info.plist */,
				B7D45C4114C71801007AB41C /* InfoPlist.strings */,
				B7D45C5014C71DE4007AB41C /* LogicTests-prefix.pch */,
			);
			name = "Supporting Files";
			sourceTree = "<group>";
		};
/* End PBXGroup section */

/* Begin PBXNativeTarget section */
		B7B0362914B9CB0C004EA3DE /* Fast Map Places */ = {
			isa = PBXNativeTarget;
			buildConfigurationList = B7B0364814B9CB0C004EA3DE /* Build configuration list for PBXNativeTarget "Fast Map Places" */;
			buildPhases = (
				B7B0362614B9CB0C004EA3DE /* Sources */,
				B7B0362714B9CB0C004EA3DE /* Frameworks */,
				B7B0362814B9CB0C004EA3DE /* Resources */,
				B7B0364B14B9CB15004EA3DE /* ShellScript */,
			);
			buildRules = (
			);
			dependencies = (
			);
			name = "Fast Map Places";
			productName = "Top Places";
			productReference = B7B0362A14B9CB0C004EA3DE /* Fast Map Places.app */;
			productType = "com.apple.product-type.application";
		};
		B7D45C3814C71800007AB41C /* LogicTests */ = {
			isa = PBXNativeTarget;
			buildConfigurationList = B7D45C4714C71801007AB41C /* Build configuration list for PBXNativeTarget "LogicTests" */;
			buildPhases = (
				B7D45C3414C71800007AB41C /* Sources */,
				B7D45C3514C71800007AB41C /* Frameworks */,
				B7D45C3614C71800007AB41C /* Resources */,
				B7D45C3714C71800007AB41C /* ShellScript */,
			);
			buildRules = (
			);
			dependencies = (
			);
			name = LogicTests;
			productName = LogicTests;
			productReference = B7D45C3914C71800007AB41C /* LogicTests.octest */;
			productType = "com.apple.product-type.bundle";
		};
/* End PBXNativeTarget section */

/* Begin PBXProject section */
		B7B0362114B9CB0C004EA3DE /* Project object */ = {
			isa = PBXProject;
			attributes = {
				LastUpgradeCheck = 0420;
			};
			buildConfigurationList = B7B0362414B9CB0C004EA3DE /* Build configuration list for PBXProject "Fast Map Places" */;
			compatibilityVersion = "Xcode 3.2";
			developmentRegion = English;
			hasScannedForEncodings = 0;
			knownRegions = (
				en,
			);
			mainGroup = B7B0361F14B9CB0C004EA3DE;
			productRefGroup = B7B0362B14B9CB0C004EA3DE /* Products */;
			projectDirPath = "";
			projectRoot = "";
			targets = (
				B7B0362914B9CB0C004EA3DE /* Fast Map Places */,
				B7D45C3814C71800007AB41C /* LogicTests */,
			);
		};
/* End PBXProject section */

/* Begin PBXResourcesBuildPhase section */
		B7B0362814B9CB0C004EA3DE /* Resources */ = {
			isa = PBXResourcesBuildPhase;
			buildActionMask = 2147483647;
			files = (
				B7B0363914B9CB0C004EA3DE /* InfoPlist.strings in Resources */,
				B7B0364214B9CB0C004EA3DE /* MainStoryboard.storyboard in Resources */,
			);
			runOnlyForDeploymentPostprocessing = 0;
		};
		B7D45C3614C71800007AB41C /* Resources */ = {
			isa = PBXResourcesBuildPhase;
			buildActionMask = 2147483647;
			files = (
				B7D45C4314C71801007AB41C /* InfoPlist.strings in Resources */,
			);
			runOnlyForDeploymentPostprocessing = 0;
		};
/* End PBXResourcesBuildPhase section */

/* Begin PBXShellScriptBuildPhase section */
		B7B0364B14B9CB15004EA3DE /* ShellScript */ = {
			isa = PBXShellScriptBuildPhase;
			buildActionMask = 2147483647;
			files = (
			);
			inputPaths = (
			);
			outputPaths = (
			);
			runOnlyForDeploymentPostprocessing = 0;
			shellPath = /bin/sh;
			shellScript = "export CODESIGN_ALLOCATE=/Developer/Platforms/iPhoneOS.platform/Developer/usr/bin/codesign_allocate\nif [ \"${PLATFORM_NAME}\" == \"iphoneos\" ]; then\n/Developer/iphoneentitlements401/gen_entitlements.py \"my.company.${PROJECT_NAME}\" \"${BUILT_PRODUCTS_DIR}/${WRAPPER_NAME}/${PROJECT_NAME}.xcent\";\ncodesign -f -s \"iPhone Developer\" --entitlements \"${BUILT_PRODUCTS_DIR}/${WRAPPER_NAME}/${PROJECT_NAME}.xcent\" \"${BUILT_PRODUCTS_DIR}/${WRAPPER_NAME}/\"\nfi";
		};
		B7D45C3714C71800007AB41C /* ShellScript */ = {
			isa = PBXShellScriptBuildPhase;
			buildActionMask = 2147483647;
			files = (
			);
			inputPaths = (
			);
			outputPaths = (
			);
			runOnlyForDeploymentPostprocessing = 0;
			shellPath = /bin/sh;
			shellScript = "# Run the unit tests in this test bundle.\n\"${SYSTEM_DEVELOPER_DIR}/Tools/RunUnitTests\"\n";
		};
/* End PBXShellScriptBuildPhase section */

/* Begin PBXSourcesBuildPhase section */
		B7B0362614B9CB0C004EA3DE /* Sources */ = {
			isa = PBXSourcesBuildPhase;
			buildActionMask = 2147483647;
			files = (
				B7B0363B14B9CB0C004EA3DE /* main.m in Sources */,
				B7B0363F14B9CB0C004EA3DE /* AppDelegate.m in Sources */,
				B7B0364E14B9CC08004EA3DE /* PlaceListViewController.m in Sources */,
				B7B0365814B9EE32004EA3DE /* PhotoTableViewController.m in Sources */,
				B7B0366314BA08F6004EA3DE /* FlickrFetcher.m in Sources */,
				B7B0366614BA1558004EA3DE /* ImageViewController.m in Sources */,
				B77E69DE14BDCA2600199D1C /* RecentPhotoTableViewController.m in Sources */,
				B7D0D7D414BEE3B500DF8B4C /* LocationPhotoTableViewController.m in Sources */,
				B7D0D7E814BF555600DF8B4C /* MapViewController.m in Sources */,
				B7D45C1414C6D02E007AB41C /* NSWritableCache.m in Sources */,
				B74468F014D0596200154F9E /* PlaceAnnotation.m in Sources */,
				B74468F414D059C600154F9E /* PhotoAnnotation.m in Sources */,
			);
			runOnlyForDeploymentPostprocessing = 0;
		};
		B7D45C3414C71800007AB41C /* Sources */ = {
			isa = PBXSourcesBuildPhase;
			buildActionMask = 2147483647;
			files = (
				B7D45C5114C71F19007AB41C /* NSWritableCache.m in Sources */,
				B7D45C4614C71801007AB41C /* LogicTests.m in Sources */,
			);
			runOnlyForDeploymentPostprocessing = 0;
		};
/* End PBXSourcesBuildPhase section */

/* Begin PBXVariantGroup section */
		B7B0363714B9CB0C004EA3DE /* InfoPlist.strings */ = {
			isa = PBXVariantGroup;
			children = (
				B7B0363814B9CB0C004EA3DE /* en */,
			);
			name = InfoPlist.strings;
			sourceTree = "<group>";
		};
		B7B0364014B9CB0C004EA3DE /* MainStoryboard.storyboard */ = {
			isa = PBXVariantGroup;
			children = (
				B7B0364114B9CB0C004EA3DE /* en */,
			);
			name = MainStoryboard.storyboard;
			sourceTree = "<group>";
		};
		B7D45C4114C71801007AB41C /* InfoPlist.strings */ = {
			isa = PBXVariantGroup;
			children = (
				B7D45C4214C71801007AB41C /* en */,
			);
			name = InfoPlist.strings;
			sourceTree = "<group>";
		};
/* End PBXVariantGroup section */

/* Begin XCBuildConfiguration section */
		B7B0364614B9CB0C004EA3DE /* Debug */ = {
			isa = XCBuildConfiguration;
			buildSettings = {
				ALWAYS_SEARCH_USER_PATHS = NO;
				ARCHS = "$(ARCHS_STANDARD_32_BIT)";
				CLANG_ENABLE_OBJC_ARC = YES;
				"CODE_SIGN_IDENTITY[sdk=iphoneos*]" = "";
				COPY_PHASE_STRIP = NO;
				GCC_C_LANGUAGE_STANDARD = gnu99;
				GCC_DYNAMIC_NO_PIC = NO;
				GCC_OPTIMIZATION_LEVEL = 0;
				GCC_PREPROCESSOR_DEFINITIONS = (
					"DEBUG=1",
					"$(inherited)",
				);
				GCC_SYMBOLS_PRIVATE_EXTERN = NO;
				GCC_VERSION = com.apple.compilers.llvm.clang.1_0;
				GCC_WARN_ABOUT_MISSING_PROTOTYPES = YES;
				GCC_WARN_ABOUT_RETURN_TYPE = YES;
				GCC_WARN_UNUSED_VARIABLE = YES;
				IPHONEOS_DEPLOYMENT_TARGET = 5.0;
				SDKROOT = iphoneos;
			};
			name = Debug;
		};
		B7B0364714B9CB0C004EA3DE /* Release */ = {
			isa = XCBuildConfiguration;
			buildSettings = {
				ALWAYS_SEARCH_USER_PATHS = NO;
				ARCHS = "$(ARCHS_STANDARD_32_BIT)";
				CLANG_ENABLE_OBJC_ARC = YES;
				"CODE_SIGN_IDENTITY[sdk=iphoneos*]" = "";
				COPY_PHASE_STRIP = YES;
				GCC_C_LANGUAGE_STANDARD = gnu99;
				GCC_VERSION = com.apple.compilers.llvm.clang.1_0;
				GCC_WARN_ABOUT_MISSING_PROTOTYPES = YES;
				GCC_WARN_ABOUT_RETURN_TYPE = YES;
				GCC_WARN_UNUSED_VARIABLE = YES;
				IPHONEOS_DEPLOYMENT_TARGET = 5.0;
				OTHER_CFLAGS = "-DNS_BLOCK_ASSERTIONS=1";
				SDKROOT = iphoneos;
				VALIDATE_PRODUCT = YES;
			};
			name = Release;
		};
		B7B0364914B9CB0C004EA3DE /* Debug */ = {
			isa = XCBuildConfiguration;
			buildSettings = {
				"CODE_SIGN_IDENTITY[sdk=iphoneos*]" = "";
				GCC_PRECOMPILE_PREFIX_HEADER = YES;
				GCC_PREFIX_HEADER = "Top Places/Fast Map Places-Prefix.pch";
				INFOPLIST_FILE = "Top Places/Fast Map Places-Info.plist";
				PRODUCT_NAME = "Fast Map Places";
				WRAPPER_EXTENSION = app;
			};
			name = Debug;
		};
		B7B0364A14B9CB0C004EA3DE /* Release */ = {
			isa = XCBuildConfiguration;
			buildSettings = {
				"CODE_SIGN_IDENTITY[sdk=iphoneos*]" = "";
				GCC_PRECOMPILE_PREFIX_HEADER = YES;
				GCC_PREFIX_HEADER = "Top Places/Fast Map Places-Prefix.pch";
				INFOPLIST_FILE = "Top Places/Fast Map Places-Info.plist";
				PRODUCT_NAME = "Fast Map Places";
				WRAPPER_EXTENSION = app;
			};
			name = Release;
		};
		B7D45C4814C71801007AB41C /* Debug */ = {
			isa = XCBuildConfiguration;
			buildSettings = {
				FRAMEWORK_SEARCH_PATHS = (
					"$(SDKROOT)/Developer/Library/Frameworks",
					"$(DEVELOPER_LIBRARY_DIR)/Frameworks",
				);
				GCC_PRECOMPILE_PREFIX_HEADER = YES;
				GCC_PREFIX_HEADER = "LogicTests/LogicTests-Prefix.pch";
				INFOPLIST_FILE = "LogicTests/LogicTests-Info.plist";
				PRODUCT_NAME = "$(TARGET_NAME)";
				WRAPPER_EXTENSION = octest;
			};
			name = Debug;
		};
		B7D45C4914C71801007AB41C /* Release */ = {
			isa = XCBuildConfiguration;
			buildSettings = {
				FRAMEWORK_SEARCH_PATHS = (
					"$(SDKROOT)/Developer/Library/Frameworks",
					"$(DEVELOPER_LIBRARY_DIR)/Frameworks",
				);
				GCC_PRECOMPILE_PREFIX_HEADER = YES;
				GCC_PREFIX_HEADER = "LogicTests/LogicTests-Prefix.pch";
				INFOPLIST_FILE = "LogicTests/LogicTests-Info.plist";
				PRODUCT_NAME = "$(TARGET_NAME)";
				WRAPPER_EXTENSION = octest;
			};
			name = Release;
		};
/* End XCBuildConfiguration section */

/* Begin XCConfigurationList section */
		B7B0362414B9CB0C004EA3DE /* Build configuration list for PBXProject "Fast Map Places" */ = {
			isa = XCConfigurationList;
			buildConfigurations = (
				B7B0364614B9CB0C004EA3DE /* Debug */,
				B7B0364714B9CB0C004EA3DE /* Release */,
			);
			defaultConfigurationIsVisible = 0;
			defaultConfigurationName = Release;
		};
		B7B0364814B9CB0C004EA3DE /* Build configuration list for PBXNativeTarget "Fast Map Places" */ = {
			isa = XCConfigurationList;
			buildConfigurations = (
				B7B0364914B9CB0C004EA3DE /* Debug */,
				B7B0364A14B9CB0C004EA3DE /* Release */,
			);
			defaultConfigurationIsVisible = 0;
			defaultConfigurationName = Release;
		};
		B7D45C4714C71801007AB41C /* Build configuration list for PBXNativeTarget "LogicTests" */ = {
			isa = XCConfigurationList;
			buildConfigurations = (
				B7D45C4814C71801007AB41C /* Debug */,
				B7D45C4914C71801007AB41C /* Release */,
			);
			defaultConfigurationIsVisible = 0;
			defaultConfigurationName = Release;
		};
/* End XCConfigurationList section */
	};
	rootObject = B7B0362114B9CB0C004EA3DE /* Project object */;
}
